
Microsoft Visual Studio Solution File, Format Version 12.00
# Visual Studio Version 17
VisualStudioVersion = 17.3.32929.385
MinimumVisualStudioVersion = 10.0.40219.1
Project("{8BC9CEB8-8B4A-11D0-8D11-00A0C91BC942}") = "TheroryofAutomata_Assignment1", "TheroryofAutomata_Assignment1\TheroryofAutomata_Assignment1.vcxproj", "{DDE323F1-68F5-4D90-AF48-505089CA39D5}"
EndProject
Global
	GlobalSection(SolutionConfigurationPlatforms) = preSolution
		Debug|x64 = Debug|x64
		Debug|x86 = Debug|x86
		Release|x64 = Release|x64
		Release|x86 = Release|x86
	EndGlobalSection
	GlobalSection(ProjectConfigurationPlatforms) = postSolution
		{DDE323F1-68F5-4D90-AF48-505089CA39D5}.Debug|x64.ActiveCfg = Debug|x64
		{DDE323F1-68F5-4D90-AF48-505089CA39D5}.Debug|x64.Build.0 = Debug|x64
		{DDE323F1-68F5-4D90-AF48-505089CA39D5}.Debug|x86.ActiveCfg = Debug|Win32
		{DDE323F1-68F5-4D90-AF48-505089CA39D5}.Debug|x86.Build.0 = Debug|Win32
		{DDE323F1-68F5-4D90-AF48-505089CA39D5}.Release|x64.ActiveCfg = Release|x64
		{DDE323F1-68F5-4D90-AF48-505089CA39D5}.Release|x64.Build.0 = Release|x64
		{DDE323F1-68F5-4D90-AF48-505089CA39D5}.Release|x86.ActiveCfg = Release|Win32
		{DDE323F1-68F5-4D90-AF48-505089CA39D5}.Release|x86.Build.0 = Release|Win32
	EndGlobalSection
	GlobalSection(SolutionProperties) = preSolution
		HideSolutionNode = FALSE
	EndGlobalSection
	GlobalSection(ExtensibilityGlobals) = postSolution
		SolutionGuid = {19ACD5CB-F3D3-4C83-9D91-190F2A374087}
	EndGlobalSection
EndGlobal
